
Microsoft Visual Studio Solution File, Format Version 12.00
# Visual Studio Version 17
VisualStudioVersion = 17.3.32825.248
MinimumVisualStudioVersion = 10.0.40219.1
Project("{9A19103F-16F7-4668-BE54-9A1E7A4F7556}") = "MedikoWeb", "MedikoWeb\MedikoWeb.csproj", "{B4CBD2EE-A1E1-46D7-B714-3EF7934F6F5E}"
EndProject
Project("{9A19103F-16F7-4668-BE54-9A1E7A4F7556}") = "MedikoData", "MedikoData\MedikoData.csproj", "{73341A8E-3F5E-4F89-9E44-9BB0DF0E2BAA}"
EndProject
Project("{9A19103F-16F7-4668-BE54-9A1E7A4F7556}") = "MedikoServices", "MedikoServices\MedikoServices.csproj", "{0A1D3F79-6129-470C-88A4-A753205F8D66}"
EndProject
Global
	GlobalSection(SolutionConfigurationPlatforms) = preSolution
		Debug|Any CPU = Debug|Any CPU
		Release|Any CPU = Release|Any CPU
	EndGlobalSection
	GlobalSection(ProjectConfigurationPlatforms) = postSolution
		{B4CBD2EE-A1E1-46D7-B714-3EF7934F6F5E}.Debug|Any CPU.ActiveCfg = Debug|Any CPU
		{B4CBD2EE-A1E1-46D7-B714-3EF7934F6F5E}.Debug|Any CPU.Build.0 = Debug|Any CPU
		{B4CBD2EE-A1E1-46D7-B714-3EF7934F6F5E}.Release|Any CPU.ActiveCfg = Release|Any CPU
		{B4CBD2EE-A1E1-46D7-B714-3EF7934F6F5E}.Release|Any CPU.Build.0 = Release|Any CPU
		{73341A8E-3F5E-4F89-9E44-9BB0DF0E2BAA}.Debug|Any CPU.ActiveCfg = Debug|Any CPU
		{73341A8E-3F5E-4F89-9E44-9BB0DF0E2BAA}.Debug|Any CPU.Build.0 = Debug|Any CPU
		{73341A8E-3F5E-4F89-9E44-9BB0DF0E2BAA}.Release|Any CPU.ActiveCfg = Release|Any CPU
		{73341A8E-3F5E-4F89-9E44-9BB0DF0E2BAA}.Release|Any CPU.Build.0 = Release|Any CPU
		{0A1D3F79-6129-470C-88A4-A753205F8D66}.Debug|Any CPU.ActiveCfg = Debug|Any CPU
		{0A1D3F79-6129-470C-88A4-A753205F8D66}.Debug|Any CPU.Build.0 = Debug|Any CPU
		{0A1D3F79-6129-470C-88A4-A753205F8D66}.Release|Any CPU.ActiveCfg = Release|Any CPU
		{0A1D3F79-6129-470C-88A4-A753205F8D66}.Release|Any CPU.Build.0 = Release|Any CPU
	EndGlobalSection
	GlobalSection(SolutionProperties) = preSolution
		HideSolutionNode = FALSE
	EndGlobalSection
	GlobalSection(ExtensibilityGlobals) = postSolution
		SolutionGuid = {8DBEE6C4-0C17-4AA1-9094-2B224D238788}
	EndGlobalSection
EndGlobal
